
Microsoft Visual Studio Solution File, Format Version 12.00
# Visual Studio Version 18
VisualStudioVersion = 18.0.11111.16
MinimumVisualStudioVersion = 10.0.40219.1
Project("{FAE04EC0-301F-11D3-BF4B-00C04F79EFBC}") = "SimpleLinearRegression", "src\SimpleLinearRegression\SimpleLinearRegression.csproj", "{2F1C2D20-5ECA-413C-B08E-68785A29B460}"
EndProject
Project("{2150E333-8FDC-42A3-9474-1A3956D46DE8}") = "src", "src", "{F2B3171E-5931-44ED-A282-BE9E7F223D56}"
EndProject
Project("{2150E333-8FDC-42A3-9474-1A3956D46DE8}") = "doc", "doc", "{A18AB45F-739E-43ED-9C62-68DA8F3CE0E5}"
	ProjectSection(SolutionItems) = preProject
		README.md = README.md
	EndProjectSection
EndProject
Project("{FAE04EC0-301F-11D3-BF4B-00C04F79EFBC}") = "MultipleLinearRegression", "src\MultipleLinearRegression\MultipleLinearRegression.csproj", "{42A08578-C890-4AB8-A97C-48F113E54381}"
EndProject
Project("{FAE04EC0-301F-11D3-BF4B-00C04F79EFBC}") = "BostonHousingML", "src\BostonHousingML\BostonHousingML.csproj", "{E5805173-335B-4984-9238-F304FE4F3188}"
EndProject
Project("{FAE04EC0-301F-11D3-BF4B-00C04F79EFBC}") = "NeuralNetworks", "src\NeuralNetworks\NeuralNetworks.csproj", "{2789DB8C-B747-44DF-8FCD-8137817BF27A}"
EndProject
Project("{2150E333-8FDC-42A3-9474-1A3956D46DE8}") = "apps", "apps", "{E99F45B3-C5BB-45FC-9BC5-596751A765A7}"
EndProject
Project("{FAE04EC0-301F-11D3-BF4B-00C04F79EFBC}") = "NeuralNetworksExamples", "src\NeuralNetworksExamples\NeuralNetworksExamples.csproj", "{8BC08424-B343-43F4-963F-AA86A8D92633}"
EndProject
Project("{2150E333-8FDC-42A3-9474-1A3956D46DE8}") = "tests", "tests", "{65654CF8-959C-45ED-967D-7006C766FA86}"
EndProject
Project("{FAE04EC0-301F-11D3-BF4B-00C04F79EFBC}") = "NeuralNetworks.Tests", "tests\NeuralNetworks.Tests\NeuralNetworks.Tests.csproj", "{9A5B292E-83DD-4FF2-BF1D-261CF2EF493A}"
EndProject
Project("{2150E333-8FDC-42A3-9474-1A3956D46DE8}") = "performance", "performance", "{7CDEF041-075B-465B-B3DF-67B8D41491E4}"
EndProject
Project("{FAE04EC0-301F-11D3-BF4B-00C04F79EFBC}") = "PermuteBenchmark", "performance\PermuteBenchmark\PermuteBenchmark.csproj", "{AE82D091-82AB-45CC-B9C4-142ED70CC6AA}"
EndProject
Project("{FAE04EC0-301F-11D3-BF4B-00C04F79EFBC}") = "SpanBenchmark", "performance\SpanBenchmark\SpanBenchmark.csproj", "{6881416D-627B-4E93-8976-936AE5F27D9F}"
EndProject
Project("{FAE04EC0-301F-11D3-BF4B-00C04F79EFBC}") = "Gpt2Infere", "src\Gpt2Infere\Gpt2Infere.csproj", "{AF6F6DD1-6669-4BE4-B1B2-0699C4334E0E}"
EndProject
Global
	GlobalSection(SolutionConfigurationPlatforms) = preSolution
		Debug|Any CPU = Debug|Any CPU
		Release|Any CPU = Release|Any CPU
	EndGlobalSection
	GlobalSection(ProjectConfigurationPlatforms) = postSolution
		{2F1C2D20-5ECA-413C-B08E-68785A29B460}.Debug|Any CPU.ActiveCfg = Debug|Any CPU
		{2F1C2D20-5ECA-413C-B08E-68785A29B460}.Debug|Any CPU.Build.0 = Debug|Any CPU
		{2F1C2D20-5ECA-413C-B08E-68785A29B460}.Release|Any CPU.ActiveCfg = Release|Any CPU
		{2F1C2D20-5ECA-413C-B08E-68785A29B460}.Release|Any CPU.Build.0 = Release|Any CPU
		{42A08578-C890-4AB8-A97C-48F113E54381}.Debug|Any CPU.ActiveCfg = Debug|Any CPU
		{42A08578-C890-4AB8-A97C-48F113E54381}.Debug|Any CPU.Build.0 = Debug|Any CPU
		{42A08578-C890-4AB8-A97C-48F113E54381}.Release|Any CPU.ActiveCfg = Release|Any CPU
		{42A08578-C890-4AB8-A97C-48F113E54381}.Release|Any CPU.Build.0 = Release|Any CPU
		{E5805173-335B-4984-9238-F304FE4F3188}.Debug|Any CPU.ActiveCfg = Debug|Any CPU
		{E5805173-335B-4984-9238-F304FE4F3188}.Debug|Any CPU.Build.0 = Debug|Any CPU
		{E5805173-335B-4984-9238-F304FE4F3188}.Release|Any CPU.ActiveCfg = Release|Any CPU
		{E5805173-335B-4984-9238-F304FE4F3188}.Release|Any CPU.Build.0 = Release|Any CPU
		{2789DB8C-B747-44DF-8FCD-8137817BF27A}.Debug|Any CPU.ActiveCfg = Debug|Any CPU
		{2789DB8C-B747-44DF-8FCD-8137817BF27A}.Debug|Any CPU.Build.0 = Debug|Any CPU
		{2789DB8C-B747-44DF-8FCD-8137817BF27A}.Release|Any CPU.ActiveCfg = Release|Any CPU
		{2789DB8C-B747-44DF-8FCD-8137817BF27A}.Release|Any CPU.Build.0 = Release|Any CPU
		{8BC08424-B343-43F4-963F-AA86A8D92633}.Debug|Any CPU.ActiveCfg = Debug|Any CPU
		{8BC08424-B343-43F4-963F-AA86A8D92633}.Debug|Any CPU.Build.0 = Debug|Any CPU
		{8BC08424-B343-43F4-963F-AA86A8D92633}.Release|Any CPU.ActiveCfg = Release|Any CPU
		{8BC08424-B343-43F4-963F-AA86A8D92633}.Release|Any CPU.Build.0 = Release|Any CPU
		{9A5B292E-83DD-4FF2-BF1D-261CF2EF493A}.Debug|Any CPU.ActiveCfg = Debug|Any CPU
		{9A5B292E-83DD-4FF2-BF1D-261CF2EF493A}.Debug|Any CPU.Build.0 = Debug|Any CPU
		{9A5B292E-83DD-4FF2-BF1D-261CF2EF493A}.Release|Any CPU.ActiveCfg = Release|Any CPU
		{9A5B292E-83DD-4FF2-BF1D-261CF2EF493A}.Release|Any CPU.Build.0 = Release|Any CPU
		{AE82D091-82AB-45CC-B9C4-142ED70CC6AA}.Debug|Any CPU.ActiveCfg = Debug|Any CPU
		{AE82D091-82AB-45CC-B9C4-142ED70CC6AA}.Debug|Any CPU.Build.0 = Debug|Any CPU
		{AE82D091-82AB-45CC-B9C4-142ED70CC6AA}.Release|Any CPU.ActiveCfg = Release|Any CPU
		{AE82D091-82AB-45CC-B9C4-142ED70CC6AA}.Release|Any CPU.Build.0 = Release|Any CPU
		{6881416D-627B-4E93-8976-936AE5F27D9F}.Debug|Any CPU.ActiveCfg = Debug|Any CPU
		{6881416D-627B-4E93-8976-936AE5F27D9F}.Debug|Any CPU.Build.0 = Debug|Any CPU
		{6881416D-627B-4E93-8976-936AE5F27D9F}.Release|Any CPU.ActiveCfg = Release|Any CPU
		{6881416D-627B-4E93-8976-936AE5F27D9F}.Release|Any CPU.Build.0 = Release|Any CPU
		{AF6F6DD1-6669-4BE4-B1B2-0699C4334E0E}.Debug|Any CPU.ActiveCfg = Debug|Any CPU
		{AF6F6DD1-6669-4BE4-B1B2-0699C4334E0E}.Debug|Any CPU.Build.0 = Debug|Any CPU
		{AF6F6DD1-6669-4BE4-B1B2-0699C4334E0E}.Release|Any CPU.ActiveCfg = Release|Any CPU
		{AF6F6DD1-6669-4BE4-B1B2-0699C4334E0E}.Release|Any CPU.Build.0 = Release|Any CPU
	EndGlobalSection
	GlobalSection(SolutionProperties) = preSolution
		HideSolutionNode = FALSE
	EndGlobalSection
	GlobalSection(NestedProjects) = preSolution
		{2F1C2D20-5ECA-413C-B08E-68785A29B460} = {E99F45B3-C5BB-45FC-9BC5-596751A765A7}
		{42A08578-C890-4AB8-A97C-48F113E54381} = {E99F45B3-C5BB-45FC-9BC5-596751A765A7}
		{E5805173-335B-4984-9238-F304FE4F3188} = {E99F45B3-C5BB-45FC-9BC5-596751A765A7}
		{2789DB8C-B747-44DF-8FCD-8137817BF27A} = {F2B3171E-5931-44ED-A282-BE9E7F223D56}
		{E99F45B3-C5BB-45FC-9BC5-596751A765A7} = {F2B3171E-5931-44ED-A282-BE9E7F223D56}
		{8BC08424-B343-43F4-963F-AA86A8D92633} = {E99F45B3-C5BB-45FC-9BC5-596751A765A7}
		{9A5B292E-83DD-4FF2-BF1D-261CF2EF493A} = {65654CF8-959C-45ED-967D-7006C766FA86}
		{AE82D091-82AB-45CC-B9C4-142ED70CC6AA} = {7CDEF041-075B-465B-B3DF-67B8D41491E4}
		{6881416D-627B-4E93-8976-936AE5F27D9F} = {7CDEF041-075B-465B-B3DF-67B8D41491E4}
		{AF6F6DD1-6669-4BE4-B1B2-0699C4334E0E} = {E99F45B3-C5BB-45FC-9BC5-596751A765A7}
	EndGlobalSection
	GlobalSection(ExtensibilityGlobals) = postSolution
		SolutionGuid = {F1BDE2A5-2774-4AEF-A5CF-1D9513B84564}
	EndGlobalSection
EndGlobal
