
Microsoft Visual Studio Solution File, Format Version 12.00
# Visual Studio Version 18
VisualStudioVersion = 18.0.11111.16
MinimumVisualStudioVersion = 10.0.40219.1
Project("{2150E333-8FDC-42A3-9474-1A3956D46DE8}") = "src", "src", "{F2B3171E-5931-44ED-A282-BE9E7F223D56}"
EndProject
Project("{2150E333-8FDC-42A3-9474-1A3956D46DE8}") = "doc", "doc", "{A18AB45F-739E-43ED-9C62-68DA8F3CE0E5}"
	ProjectSection(SolutionItems) = preProject
		README.md = README.md
	EndProjectSection
EndProject
Project("{FAE04EC0-301F-11D3-BF4B-00C04F79EFBC}") = "NeuralNetworks", "src\NeuralNetworks\NeuralNetworks.csproj", "{2789DB8C-B747-44DF-8FCD-8137817BF27A}"
EndProject
Project("{2150E333-8FDC-42A3-9474-1A3956D46DE8}") = "apps", "apps", "{E99F45B3-C5BB-45FC-9BC5-596751A765A7}"
EndProject
Project("{2150E333-8FDC-42A3-9474-1A3956D46DE8}") = "tests", "tests", "{65654CF8-959C-45ED-967D-7006C766FA86}"
EndProject
Project("{FAE04EC0-301F-11D3-BF4B-00C04F79EFBC}") = "NeuralNetworks.Tests", "tests\NeuralNetworks.Tests\NeuralNetworks.Tests.csproj", "{9A5B292E-83DD-4FF2-BF1D-261CF2EF493A}"
EndProject
Project("{2150E333-8FDC-42A3-9474-1A3956D46DE8}") = "performance", "performance", "{7CDEF041-075B-465B-B3DF-67B8D41491E4}"
EndProject
Project("{FAE04EC0-301F-11D3-BF4B-00C04F79EFBC}") = "PermuteBenchmark", "performance\PermuteBenchmark\PermuteBenchmark.csproj", "{AE82D091-82AB-45CC-B9C4-142ED70CC6AA}"
EndProject
Project("{FAE04EC0-301F-11D3-BF4B-00C04F79EFBC}") = "SpanBenchmark", "performance\SpanBenchmark\SpanBenchmark.csproj", "{6881416D-627B-4E93-8976-936AE5F27D9F}"
EndProject
Project("{2150E333-8FDC-42A3-9474-1A3956D46DE8}") = "regression", "regression", "{68AC4D6B-D939-4855-851F-5A173EE8FCCA}"
EndProject
Project("{2150E333-8FDC-42A3-9474-1A3956D46DE8}") = "gpt", "gpt", "{A5C6AFE7-CB02-461D-B1FE-7211449665B1}"
EndProject
Project("{FAE04EC0-301F-11D3-BF4B-00C04F79EFBC}") = "Gpt2Inference", "src\apps\gpt\Gpt2Inference\Gpt2Inference.csproj", "{E8C758EB-B642-72B7-31F0-852D972CF96B}"
EndProject
Project("{FAE04EC0-301F-11D3-BF4B-00C04F79EFBC}") = "Gpt2Tokenization", "src\apps\gpt\Gpt2Tokenization\Gpt2Tokenization.csproj", "{BC0F2183-2470-16BD-9927-65B06C729309}"
EndProject
Project("{FAE04EC0-301F-11D3-BF4B-00C04F79EFBC}") = "MultipleLinearRegression", "src\apps\regression\MultipleLinearRegression\MultipleLinearRegression.csproj", "{2851DC12-8E51-8F4B-D530-E045193BC12D}"
EndProject
Project("{FAE04EC0-301F-11D3-BF4B-00C04F79EFBC}") = "SimpleLinearRegression", "src\apps\regression\SimpleLinearRegression\SimpleLinearRegression.csproj", "{A20D5318-7776-1EDF-C848-AE3B3A379197}"
EndProject
Project("{FAE04EC0-301F-11D3-BF4B-00C04F79EFBC}") = "NeuralNetworksExamples", "src\apps\NeuralNetworksExamples\NeuralNetworksExamples.csproj", "{551EB59C-C5F9-5226-F339-436CC8C259A0}"
EndProject
Project("{FAE04EC0-301F-11D3-BF4B-00C04F79EFBC}") = "BostonHousingML", "src\apps\BostonHousingML\BostonHousingML.csproj", "{D119B00C-213E-4F11-B9AB-5FEA1E0EF06F}"
EndProject
Project("{2150E333-8FDC-42A3-9474-1A3956D46DE8}") = "libs", "libs", "{489B5B24-30BF-41BC-B969-3F1BDFC00988}"
EndProject
Project("{2150E333-8FDC-42A3-9474-1A3956D46DE8}") = "examples", "examples", "{FDD76A53-7E26-451F-A979-2A4502235EA1}"
EndProject
Global
	GlobalSection(SolutionConfigurationPlatforms) = preSolution
		Debug|Any CPU = Debug|Any CPU
		Release|Any CPU = Release|Any CPU
	EndGlobalSection
	GlobalSection(ProjectConfigurationPlatforms) = postSolution
		{2789DB8C-B747-44DF-8FCD-8137817BF27A}.Debug|Any CPU.ActiveCfg = Debug|Any CPU
		{2789DB8C-B747-44DF-8FCD-8137817BF27A}.Debug|Any CPU.Build.0 = Debug|Any CPU
		{2789DB8C-B747-44DF-8FCD-8137817BF27A}.Release|Any CPU.ActiveCfg = Release|Any CPU
		{2789DB8C-B747-44DF-8FCD-8137817BF27A}.Release|Any CPU.Build.0 = Release|Any CPU
		{9A5B292E-83DD-4FF2-BF1D-261CF2EF493A}.Debug|Any CPU.ActiveCfg = Debug|Any CPU
		{9A5B292E-83DD-4FF2-BF1D-261CF2EF493A}.Debug|Any CPU.Build.0 = Debug|Any CPU
		{9A5B292E-83DD-4FF2-BF1D-261CF2EF493A}.Release|Any CPU.ActiveCfg = Release|Any CPU
		{9A5B292E-83DD-4FF2-BF1D-261CF2EF493A}.Release|Any CPU.Build.0 = Release|Any CPU
		{AE82D091-82AB-45CC-B9C4-142ED70CC6AA}.Debug|Any CPU.ActiveCfg = Debug|Any CPU
		{AE82D091-82AB-45CC-B9C4-142ED70CC6AA}.Debug|Any CPU.Build.0 = Debug|Any CPU
		{AE82D091-82AB-45CC-B9C4-142ED70CC6AA}.Release|Any CPU.ActiveCfg = Release|Any CPU
		{AE82D091-82AB-45CC-B9C4-142ED70CC6AA}.Release|Any CPU.Build.0 = Release|Any CPU
		{6881416D-627B-4E93-8976-936AE5F27D9F}.Debug|Any CPU.ActiveCfg = Debug|Any CPU
		{6881416D-627B-4E93-8976-936AE5F27D9F}.Debug|Any CPU.Build.0 = Debug|Any CPU
		{6881416D-627B-4E93-8976-936AE5F27D9F}.Release|Any CPU.ActiveCfg = Release|Any CPU
		{6881416D-627B-4E93-8976-936AE5F27D9F}.Release|Any CPU.Build.0 = Release|Any CPU
		{E8C758EB-B642-72B7-31F0-852D972CF96B}.Debug|Any CPU.ActiveCfg = Debug|Any CPU
		{E8C758EB-B642-72B7-31F0-852D972CF96B}.Debug|Any CPU.Build.0 = Debug|Any CPU
		{E8C758EB-B642-72B7-31F0-852D972CF96B}.Release|Any CPU.ActiveCfg = Release|Any CPU
		{E8C758EB-B642-72B7-31F0-852D972CF96B}.Release|Any CPU.Build.0 = Release|Any CPU
		{BC0F2183-2470-16BD-9927-65B06C729309}.Debug|Any CPU.ActiveCfg = Debug|Any CPU
		{BC0F2183-2470-16BD-9927-65B06C729309}.Debug|Any CPU.Build.0 = Debug|Any CPU
		{BC0F2183-2470-16BD-9927-65B06C729309}.Release|Any CPU.ActiveCfg = Release|Any CPU
		{BC0F2183-2470-16BD-9927-65B06C729309}.Release|Any CPU.Build.0 = Release|Any CPU
		{2851DC12-8E51-8F4B-D530-E045193BC12D}.Debug|Any CPU.ActiveCfg = Debug|Any CPU
		{2851DC12-8E51-8F4B-D530-E045193BC12D}.Debug|Any CPU.Build.0 = Debug|Any CPU
		{2851DC12-8E51-8F4B-D530-E045193BC12D}.Release|Any CPU.ActiveCfg = Release|Any CPU
		{2851DC12-8E51-8F4B-D530-E045193BC12D}.Release|Any CPU.Build.0 = Release|Any CPU
		{A20D5318-7776-1EDF-C848-AE3B3A379197}.Debug|Any CPU.ActiveCfg = Debug|Any CPU
		{A20D5318-7776-1EDF-C848-AE3B3A379197}.Debug|Any CPU.Build.0 = Debug|Any CPU
		{A20D5318-7776-1EDF-C848-AE3B3A379197}.Release|Any CPU.ActiveCfg = Release|Any CPU
		{A20D5318-7776-1EDF-C848-AE3B3A379197}.Release|Any CPU.Build.0 = Release|Any CPU
		{551EB59C-C5F9-5226-F339-436CC8C259A0}.Debug|Any CPU.ActiveCfg = Debug|Any CPU
		{551EB59C-C5F9-5226-F339-436CC8C259A0}.Debug|Any CPU.Build.0 = Debug|Any CPU
		{551EB59C-C5F9-5226-F339-436CC8C259A0}.Release|Any CPU.ActiveCfg = Release|Any CPU
		{551EB59C-C5F9-5226-F339-436CC8C259A0}.Release|Any CPU.Build.0 = Release|Any CPU
		{D119B00C-213E-4F11-B9AB-5FEA1E0EF06F}.Debug|Any CPU.ActiveCfg = Debug|Any CPU
		{D119B00C-213E-4F11-B9AB-5FEA1E0EF06F}.Debug|Any CPU.Build.0 = Debug|Any CPU
		{D119B00C-213E-4F11-B9AB-5FEA1E0EF06F}.Release|Any CPU.ActiveCfg = Release|Any CPU
		{D119B00C-213E-4F11-B9AB-5FEA1E0EF06F}.Release|Any CPU.Build.0 = Release|Any CPU
	EndGlobalSection
	GlobalSection(SolutionProperties) = preSolution
		HideSolutionNode = FALSE
	EndGlobalSection
	GlobalSection(NestedProjects) = preSolution
		{2789DB8C-B747-44DF-8FCD-8137817BF27A} = {489B5B24-30BF-41BC-B969-3F1BDFC00988}
		{E99F45B3-C5BB-45FC-9BC5-596751A765A7} = {F2B3171E-5931-44ED-A282-BE9E7F223D56}
		{9A5B292E-83DD-4FF2-BF1D-261CF2EF493A} = {65654CF8-959C-45ED-967D-7006C766FA86}
		{AE82D091-82AB-45CC-B9C4-142ED70CC6AA} = {7CDEF041-075B-465B-B3DF-67B8D41491E4}
		{6881416D-627B-4E93-8976-936AE5F27D9F} = {7CDEF041-075B-465B-B3DF-67B8D41491E4}
		{68AC4D6B-D939-4855-851F-5A173EE8FCCA} = {E99F45B3-C5BB-45FC-9BC5-596751A765A7}
		{A5C6AFE7-CB02-461D-B1FE-7211449665B1} = {E99F45B3-C5BB-45FC-9BC5-596751A765A7}
		{E8C758EB-B642-72B7-31F0-852D972CF96B} = {A5C6AFE7-CB02-461D-B1FE-7211449665B1}
		{BC0F2183-2470-16BD-9927-65B06C729309} = {A5C6AFE7-CB02-461D-B1FE-7211449665B1}
		{2851DC12-8E51-8F4B-D530-E045193BC12D} = {68AC4D6B-D939-4855-851F-5A173EE8FCCA}
		{A20D5318-7776-1EDF-C848-AE3B3A379197} = {68AC4D6B-D939-4855-851F-5A173EE8FCCA}
		{551EB59C-C5F9-5226-F339-436CC8C259A0} = {FDD76A53-7E26-451F-A979-2A4502235EA1}
		{D119B00C-213E-4F11-B9AB-5FEA1E0EF06F} = {FDD76A53-7E26-451F-A979-2A4502235EA1}
		{489B5B24-30BF-41BC-B969-3F1BDFC00988} = {F2B3171E-5931-44ED-A282-BE9E7F223D56}
		{FDD76A53-7E26-451F-A979-2A4502235EA1} = {E99F45B3-C5BB-45FC-9BC5-596751A765A7}
	EndGlobalSection
	GlobalSection(ExtensibilityGlobals) = postSolution
		SolutionGuid = {F1BDE2A5-2774-4AEF-A5CF-1D9513B84564}
	EndGlobalSection
EndGlobal
